
Microsoft Visual Studio Solution File, Format Version 12.00
# Visual Studio Version 17
VisualStudioVersion = 17.14.36202.13 d17.14
MinimumVisualStudioVersion = 10.0.40219.1
Project("{FAE04EC0-301F-11D3-BF4B-00C04F79EFBC}") = "1-2", "1-2.csproj", "{2681CD2E-998D-4BEC-87C5-E65442715F54}"
EndProject
Global
	GlobalSection(SolutionConfigurationPlatforms) = preSolution
		Debug|Any CPU = Debug|Any CPU
		Release|Any CPU = Release|Any CPU
	EndGlobalSection
	GlobalSection(ProjectConfigurationPlatforms) = postSolution
		{2681CD2E-998D-4BEC-87C5-E65442715F54}.Debug|Any CPU.ActiveCfg = Debug|Any CPU
		{2681CD2E-998D-4BEC-87C5-E65442715F54}.Debug|Any CPU.Build.0 = Debug|Any CPU
		{2681CD2E-998D-4BEC-87C5-E65442715F54}.Release|Any CPU.ActiveCfg = Release|Any CPU
		{2681CD2E-998D-4BEC-87C5-E65442715F54}.Release|Any CPU.Build.0 = Release|Any CPU
	EndGlobalSection
	GlobalSection(SolutionProperties) = preSolution
		HideSolutionNode = FALSE
	EndGlobalSection
	GlobalSection(ExtensibilityGlobals) = postSolution
		SolutionGuid = {0547C036-BB33-4D45-8172-752E37DAE2C4}
	EndGlobalSection
EndGlobal
