
Microsoft Visual Studio Solution File, Format Version 12.00
# Visual Studio Version 17
VisualStudioVersion = 17.14.36203.30 d17.14
MinimumVisualStudioVersion = 10.0.40219.1
Project("{FAE04EC0-301F-11D3-BF4B-00C04F79EFBC}") = "krestiki_noliki", "krestiki_noliki.csproj", "{3824A296-DAEE-49B9-84BB-EFB3814CA288}"
EndProject
Global
	GlobalSection(SolutionConfigurationPlatforms) = preSolution
		Debug|Any CPU = Debug|Any CPU
		Release|Any CPU = Release|Any CPU
	EndGlobalSection
	GlobalSection(ProjectConfigurationPlatforms) = postSolution
		{3824A296-DAEE-49B9-84BB-EFB3814CA288}.Debug|Any CPU.ActiveCfg = Debug|Any CPU
		{3824A296-DAEE-49B9-84BB-EFB3814CA288}.Debug|Any CPU.Build.0 = Debug|Any CPU
		{3824A296-DAEE-49B9-84BB-EFB3814CA288}.Release|Any CPU.ActiveCfg = Release|Any CPU
		{3824A296-DAEE-49B9-84BB-EFB3814CA288}.Release|Any CPU.Build.0 = Release|Any CPU
	EndGlobalSection
	GlobalSection(SolutionProperties) = preSolution
		HideSolutionNode = FALSE
	EndGlobalSection
	GlobalSection(ExtensibilityGlobals) = postSolution
		SolutionGuid = {E7F89EAA-7F5A-4348-8FE3-31CCC4A1441B}
	EndGlobalSection
EndGlobal
