
Microsoft Visual Studio Solution File, Format Version 12.00
# Visual Studio Version 17
VisualStudioVersion = 17.14.36203.30 d17.14
MinimumVisualStudioVersion = 10.0.40219.1
Project("{FAE04EC0-301F-11D3-BF4B-00C04F79EFBC}") = "2-1", "2-1.csproj", "{AC6F7997-E9C7-4F05-A05A-4D41A887703A}"
EndProject
Global
	GlobalSection(SolutionConfigurationPlatforms) = preSolution
		Debug|Any CPU = Debug|Any CPU
		Release|Any CPU = Release|Any CPU
	EndGlobalSection
	GlobalSection(ProjectConfigurationPlatforms) = postSolution
		{AC6F7997-E9C7-4F05-A05A-4D41A887703A}.Debug|Any CPU.ActiveCfg = Debug|Any CPU
		{AC6F7997-E9C7-4F05-A05A-4D41A887703A}.Debug|Any CPU.Build.0 = Debug|Any CPU
		{AC6F7997-E9C7-4F05-A05A-4D41A887703A}.Release|Any CPU.ActiveCfg = Release|Any CPU
		{AC6F7997-E9C7-4F05-A05A-4D41A887703A}.Release|Any CPU.Build.0 = Release|Any CPU
	EndGlobalSection
	GlobalSection(SolutionProperties) = preSolution
		HideSolutionNode = FALSE
	EndGlobalSection
	GlobalSection(ExtensibilityGlobals) = postSolution
		SolutionGuid = {CD7A2060-D446-4F13-ABF8-2F39B87E581D}
	EndGlobalSection
EndGlobal
